Microsoft Visual Studio Solution File, Format Version 12.00
# Visual Studio Version 17
VisualStudioVersion = 17.0.31903.59
MinimumVisualStudioVersion = 10.0.40219.1
Project("{9A19103F-16F7-4668-BE54-9A1E7A4F7556}") = "QuotaMonitor.Core", "src\QuotaMonitor.Core\QuotaMonitor.Core.csproj", "{2F6FCAD7-4F6E-4AB1-A722-7D1364558B61}"
EndProject
Project("{9A19103F-16F7-4668-BE54-9A1E7A4F7556}") = "QuotaMonitor.Cli", "src\QuotaMonitor.Cli\QuotaMonitor.Cli.csproj", "{2DADE178-3715-49F4-A71C-C0FEE0792A2F}"
EndProject
Project("{9A19103F-16F7-4668-BE54-9A1E7A4F7556}") = "QuotaMonitor.App.Avalonia", "src\QuotaMonitor.App.Avalonia\QuotaMonitor.App.Avalonia.csproj", "{10AD3057-2952-4C79-9D3D-E1731EA2D707}"
EndProject
Global
	GlobalSection(SolutionConfigurationPlatforms) = preSolution
		Debug|Any CPU = Debug|Any CPU
		Release|Any CPU = Release|Any CPU
	EndGlobalSection
	GlobalSection(ProjectConfigurationPlatforms) = postSolution
		{2F6FCAD7-4F6E-4AB1-A722-7D1364558B61}.Debug|Any CPU.ActiveCfg = Debug|Any CPU
		{2F6FCAD7-4F6E-4AB1-A722-7D1364558B61}.Debug|Any CPU.Build.0 = Debug|Any CPU
		{2F6FCAD7-4F6E-4AB1-A722-7D1364558B61}.Release|Any CPU.ActiveCfg = Release|Any CPU
		{2F6FCAD7-4F6E-4AB1-A722-7D1364558B61}.Release|Any CPU.Build.0 = Release|Any CPU
		{2DADE178-3715-49F4-A71C-C0FEE0792A2F}.Debug|Any CPU.ActiveCfg = Debug|Any CPU
		{2DADE178-3715-49F4-A71C-C0FEE0792A2F}.Debug|Any CPU.Build.0 = Debug|Any CPU
		{2DADE178-3715-49F4-A71C-C0FEE0792A2F}.Release|Any CPU.ActiveCfg = Release|Any CPU
		{2DADE178-3715-49F4-A71C-C0FEE0792A2F}.Release|Any CPU.Build.0 = Release|Any CPU
		{10AD3057-2952-4C79-9D3D-E1731EA2D707}.Debug|Any CPU.ActiveCfg = Debug|Any CPU
		{10AD3057-2952-4C79-9D3D-E1731EA2D707}.Debug|Any CPU.Build.0 = Debug|Any CPU
		{10AD3057-2952-4C79-9D3D-E1731EA2D707}.Release|Any CPU.ActiveCfg = Release|Any CPU
		{10AD3057-2952-4C79-9D3D-E1731EA2D707}.Release|Any CPU.Build.0 = Release|Any CPU
	EndGlobalSection
	GlobalSection(SolutionProperties) = preSolution
		HideSolutionNode = FALSE
	EndGlobalSection
EndGlobal
